// !$*UTF8*$!
{
	archiveVersion = 1;
	classes = {
	};
	objectVersion = 56;
	objects = {

/* Begin PBXBuildFile section */
		19B91A012BBDFE93005C016A /* MemorizeGameApp.swift in Sources */ = {isa = PBXBuildFile; fileRef = 19B91A002BBDFE93005C016A /* MemorizeGameApp.swift */; };
		19B91A032BBDFE93005C016A /* ContentView.swift in Sources */ = {isa = PBXBuildFile; fileRef = 19B91A022BBDFE93005C016A /* ContentView.swift */; };
		19B91A052BBDFE95005C016A /* Assets.xcassets in Resources */ = {isa = PBXBuildFile; fileRef = 19B91A042BBDFE95005C016A /* Assets.xcassets */; };
		19B91A082BBDFE95005C016A /* Preview Assets.xcassets in Resources */ = {isa = PBXBuildFile; fileRef = 19B91A072BBDFE95005C016A /* Preview Assets.xcassets */; };
		19B91A122BBDFE95005C016A /* MemorizeGameTests.swift in Sources */ = {isa = PBXBuildFile; fileRef = 19B91A112BBDFE95005C016A /* MemorizeGameTests.swift */; };
		19B91A1C2BBDFE95005C016A /* MemorizeGameUITests.swift in Sources */ = {isa = PBXBuildFile; fileRef = 19B91A1B2BBDFE95005C016A /* MemorizeGameUITests.swift */; };
		19B91A1E2BBDFE95005C016A /* MemorizeGameUITestsLaunchTests.swift in Sources */ = {isa = PBXBuildFile; fileRef = 19B91A1D2BBDFE95005C016A /* MemorizeGameUITestsLaunchTests.swift */; };
/* End PBXBuildFile section */

/* Begin PBXContainerItemProxy section */
		19B91A0E2BBDFE95005C016A /* PBXContainerItemProxy */ = {
			isa = PBXContainerItemProxy;
			containerPortal = 19B919F52BBDFE93005C016A /* Project object */;
			proxyType = 1;
			remoteGlobalIDString = 19B919FC2BBDFE93005C016A;
			remoteInfo = MemorizeGame;
		};
		19B91A182BBDFE95005C016A /* PBXContainerItemProxy */ = {
			isa = PBXContainerItemProxy;
			containerPortal = 19B919F52BBDFE93005C016A /* Project object */;
			proxyType = 1;
			remoteGlobalIDString = 19B919FC2BBDFE93005C016A;
			remoteInfo = MemorizeGame;
		};
/* End PBXContainerItemProxy section */

/* Begin PBXFileReference section */
		19B919FD2BBDFE93005C016A /* MemorizeGame.app */ = {isa = PBXFileReference; explicitFileType = wrapper.application; includeInIndex = 0; path = MemorizeGame.app; sourceTree = BUILT_PRODUCTS_DIR; };
		19B91A002BBDFE93005C016A /* MemorizeGameApp.swift */ = {isa = PBXFileReference; lastKnownFileType = sourcecode.swift; path = MemorizeGameApp.swift; sourceTree = "<group>"; };
		19B91A022BBDFE93005C016A /* ContentView.swift */ = {isa = PBXFileReference; lastKnownFileType = sourcecode.swift; path = ContentView.swift; sourceTree = "<group>"; };
		19B91A042BBDFE95005C016A /* Assets.xcassets */ = {isa = PBXFileReference; lastKnownFileType = folder.assetcatalog; path = Assets.xcassets; sourceTree = "<group>"; };
		19B91A072BBDFE95005C016A /* Preview Assets.xcassets */ = {isa = PBXFileReference; lastKnownFileType = folder.assetcatalog; path = "Preview Assets.xcassets"; sourceTree = "<group>"; };
		19B91A0D2BBDFE95005C016A /* MemorizeGameTests.xctest */ = {isa = PBXFileReference; explicitFileType = wrapper.cfbundle; includeInIndex = 0; path = MemorizeGameTests.xctest; sourceTree = BUILT_PRODUCTS_DIR; };
		19B91A112BBDFE95005C016A /* MemorizeGameTests.swift */ = {isa = PBXFileReference; lastKnownFileType = sourcecode.swift; path = MemorizeGameTests.swift; sourceTree = "<group>"; };
		19B91A172BBDFE95005C016A /* MemorizeGameUITests.xctest */ = {isa = PBXFileReference; explicitFileType = wrapper.cfbundle; includeInIndex = 0; path = MemorizeGameUITests.xctest; sourceTree = BUILT_PRODUCTS_DIR; };
		19B91A1B2BBDFE95005C016A /* MemorizeGameUITests.swift */ = {isa = PBXFileReference; lastKnownFileType = sourcecode.swift; path = MemorizeGameUITests.swift; sourceTree = "<group>"; };
		19B91A1D2BBDFE95005C016A /* MemorizeGameUITestsLaunchTests.swift */ = {isa = PBXFileReference; lastKnownFileType = sourcecode.swift; path = MemorizeGameUITestsLaunchTests.swift; sourceTree = "<group>"; };
/* End PBXFileReference section */

/* Begin PBXFrameworksBuildPhase section */
		19B919FA2BBDFE93005C016A /* Frameworks */ = {
			isa = PBXFrameworksBuildPhase;
			buildActionMask = 2147483647;
			files = (
			);
			runOnlyForDeploymentPostprocessing = 0;
		};
		19B91A0A2BBDFE95005C016A /* Frameworks */ = {
			isa = PBXFrameworksBuildPhase;
			buildActionMask = 2147483647;
			files = (
			);
			runOnlyForDeploymentPostprocessing = 0;
		};
		19B91A142BBDFE95005C016A /* Frameworks */ = {
			isa = PBXFrameworksBuildPhase;
			buildActionMask = 2147483647;
			files = (
			);
			runOnlyForDeploymentPostprocessing = 0;
		};
/* End PBXFrameworksBuildPhase section */

/* Begin PBXGroup section */
		19B919F42BBDFE93005C016A = {
			isa = PBXGroup;
			children = (
				19B919FF2BBDFE93005C016A /* MemorizeGame */,
				19B91A102BBDFE95005C016A /* MemorizeGameTests */,
				19B91A1A2BBDFE95005C016A /* MemorizeGameUITests */,
				19B919FE2BBDFE93005C016A /* Products */,
			);
			sourceTree = "<group>";
		};
		19B919FE2BBDFE93005C016A /* Products */ = {
			isa = PBXGroup;
			children = (
				19B919FD2BBDFE93005C016A /* MemorizeGame.app */,
				19B91A0D2BBDFE95005C016A /* MemorizeGameTests.xctest */,
				19B91A172BBDFE95005C016A /* MemorizeGameUITests.xctest */,
			);
			name = Products;
			sourceTree = "<group>";
		};
		19B919FF2BBDFE93005C016A /* MemorizeGame */ = {
			isa = PBXGroup;
			children = (
				19B91A002BBDFE93005C016A /* MemorizeGameApp.swift */,
				19B91A022BBDFE93005C016A /* ContentView.swift */,
				19B91A042BBDFE95005C016A /* Assets.xcassets */,
				19B91A062BBDFE95005C016A /* Preview Content */,
			);
			path = MemorizeGame;
			sourceTree = "<group>";
		};
		19B91A062BBDFE95005C016A /* Preview Content */ = {
			isa = PBXGroup;
			children = (
				19B91A072BBDFE95005C016A /* Preview Assets.xcassets */,
			);
			path = "Preview Content";
			sourceTree = "<group>";
		};
		19B91A102BBDFE95005C016A /* MemorizeGameTests */ = {
			isa = PBXGroup;
			children = (
				19B91A112BBDFE95005C016A /* MemorizeGameTests.swift */,
			);
			path = MemorizeGameTests;
			sourceTree = "<group>";
		};
		19B91A1A2BBDFE95005C016A /* MemorizeGameUITests */ = {
			isa = PBXGroup;
			children = (
				19B91A1B2BBDFE95005C016A /* MemorizeGameUITests.swift */,
				19B91A1D2BBDFE95005C016A /* MemorizeGameUITestsLaunchTests.swift */,
			);
			path = MemorizeGameUITests;
			sourceTree = "<group>";
		};
/* End PBXGroup section */

/* Begin PBXNativeTarget section */
		19B919FC2BBDFE93005C016A /* MemorizeGame */ = {
			isa = PBXNativeTarget;
			buildConfigurationList = 19B91A212BBDFE95005C016A /* Build configuration list for PBXNativeTarget "MemorizeGame" */;
			buildPhases = (
				19B919F92BBDFE93005C016A /* Sources */,
				19B919FA2BBDFE93005C016A /* Frameworks */,
				19B919FB2BBDFE93005C016A /* Resources */,
			);
			buildRules = (
			);
			dependencies = (
			);
			name = MemorizeGame;
			productName = MemorizeGame;
			productReference = 19B919FD2BBDFE93005C016A /* MemorizeGame.app */;
			productType = "com.apple.product-type.application";
		};
		19B91A0C2BBDFE95005C016A /* MemorizeGameTests */ = {
			isa = PBXNativeTarget;
			buildConfigurationList = 19B91A242BBDFE95005C016A /* Build configuration list for PBXNativeTarget "MemorizeGameTests" */;
			buildPhases = (
				19B91A092BBDFE95005C016A /* Sources */,
				19B91A0A2BBDFE95005C016A /* Frameworks */,
				19B91A0B2BBDFE95005C016A /* Resources */,
			);
			buildRules = (
			);
			dependencies = (
				19B91A0F2BBDFE95005C016A /* PBXTargetDependency */,
			);
			name = MemorizeGameTests;
			productName = MemorizeGameTests;
			productReference = 19B91A0D2BBDFE95005C016A /* MemorizeGameTests.xctest */;
			productType = "com.apple.product-type.bundle.unit-test";
		};
		19B91A162BBDFE95005C016A /* MemorizeGameUITests */ = {
			isa = PBXNativeTarget;
			buildConfigurationList = 19B91A272BBDFE95005C016A /* Build configuration list for PBXNativeTarget "MemorizeGameUITests" */;
			buildPhases = (
				19B91A132BBDFE95005C016A /* Sources */,
				19B91A142BBDFE95005C016A /* Frameworks */,
				19B91A152BBDFE95005C016A /* Resources */,
			);
			buildRules = (
			);
			dependencies = (
				19B91A192BBDFE95005C016A /* PBXTargetDependency */,
			);
			name = MemorizeGameUITests;
			productName = MemorizeGameUITests;
			productReference = 19B91A172BBDFE95005C016A /* MemorizeGameUITests.xctest */;
			productType = "com.apple.product-type.bundle.ui-testing";
		};
/* End PBXNativeTarget section */

/* Begin PBXProject section */
		19B919F52BBDFE93005C016A /* Project object */ = {
			isa = PBXProject;
			attributes = {
				BuildIndependentTargetsInParallel = 1;
				LastSwiftUpdateCheck = 1530;
				LastUpgradeCheck = 1530;
				TargetAttributes = {
					19B919FC2BBDFE93005C016A = {
						CreatedOnToolsVersion = 15.3;
					};
					19B91A0C2BBDFE95005C016A = {
						CreatedOnToolsVersion = 15.3;
						TestTargetID = 19B919FC2BBDFE93005C016A;
					};
					19B91A162BBDFE95005C016A = {
						CreatedOnToolsVersion = 15.3;
						TestTargetID = 19B919FC2BBDFE93005C016A;
					};
				};
			};
			buildConfigurationList = 19B919F82BBDFE93005C016A /* Build configuration list for PBXProject "MemorizeGame" */;
			compatibilityVersion = "Xcode 14.0";
			developmentRegion = en;
			hasScannedForEncodings = 0;
			knownRegions = (
				en,
				Base,
			);
			mainGroup = 19B919F42BBDFE93005C016A;
			productRefGroup = 19B919FE2BBDFE93005C016A /* Products */;
			projectDirPath = "";
			projectRoot = "";
			targets = (
				19B919FC2BBDFE93005C016A /* MemorizeGame */,
				19B91A0C2BBDFE95005C016A /* MemorizeGameTests */,
				19B91A162BBDFE95005C016A /* MemorizeGameUITests */,
			);
		};
/* End PBXProject section */

/* Begin PBXResourcesBuildPhase section */
		19B919FB2BBDFE93005C016A /* Resources */ = {
			isa = PBXResourcesBuildPhase;
			buildActionMask = 2147483647;
			files = (
				19B91A082BBDFE95005C016A /* Preview Assets.xcassets in Resources */,
				19B91A052BBDFE95005C016A /* Assets.xcassets in Resources */,
			);
			runOnlyForDeploymentPostprocessing = 0;
		};
		19B91A0B2BBDFE95005C016A /* Resources */ = {
			isa = PBXResourcesBuildPhase;
			buildActionMask = 2147483647;
			files = (
			);
			runOnlyForDeploymentPostprocessing = 0;
		};
		19B91A152BBDFE95005C016A /* Resources */ = {
			isa = PBXResourcesBuildPhase;
			buildActionMask = 2147483647;
			files = (
			);
			runOnlyForDeploymentPostprocessing = 0;
		};
/* End PBXResourcesBuildPhase section */

/* Begin PBXSourcesBuildPhase section */
		19B919F92BBDFE93005C016A /* Sources */ = {
			isa = PBXSourcesBuildPhase;
			buildActionMask = 2147483647;
			files = (
				19B91A032BBDFE93005C016A /* ContentView.swift in Sources */,
				19B91A012BBDFE93005C016A /* MemorizeGameApp.swift in Sources */,
			);
			runOnlyForDeploymentPostprocessing = 0;
		};
		19B91A092BBDFE95005C016A /* Sources */ = {
			isa = PBXSourcesBuildPhase;
			buildActionMask = 2147483647;
			files = (
				19B91A122BBDFE95005C016A /* MemorizeGameTests.swift in Sources */,
			);
			runOnlyForDeploymentPostprocessing = 0;
		};
		19B91A132BBDFE95005C016A /* Sources */ = {
			isa = PBXSourcesBuildPhase;
			buildActionMask = 2147483647;
			files = (
				19B91A1E2BBDFE95005C016A /* MemorizeGameUITestsLaunchTests.swift in Sources */,
				19B91A1C2BBDFE95005C016A /* MemorizeGameUITests.swift in Sources */,
			);
			runOnlyForDeploymentPostprocessing = 0;
		};
/* End PBXSourcesBuildPhase section */

/* Begin PBXTargetDependency section */
		19B91A0F2BBDFE95005C016A /* PBXTargetDependency */ = {
			isa = PBXTargetDependency;
			target = 19B919FC2BBDFE93005C016A /* MemorizeGame */;
			targetProxy = 19B91A0E2BBDFE95005C016A /* PBXContainerItemProxy */;
		};
		19B91A192BBDFE95005C016A /* PBXTargetDependency */ = {
			isa = PBXTargetDependency;
			target = 19B919FC2BBDFE93005C016A /* MemorizeGame */;
			targetProxy = 19B91A182BBDFE95005C016A /* PBXContainerItemProxy */;
		};
/* End PBXTargetDependency section */

/* Begin XCBuildConfiguration section */
		19B91A1F2BBDFE95005C016A /* Debug */ = {
			isa = XCBuildConfiguration;
			buildSettings = {
				ALWAYS_SEARCH_USER_PATHS = NO;
				ASSETCATALOG_COMPILER_GENERATE_SWIFT_ASSET_SYMBOL_EXTENSIONS = YES;
				CLANG_ANALYZER_NONNULL = YES;
				CLANG_ANALYZER_NUMBER_OBJECT_CONVERSION = YES_AGGRESSIVE;
				CLANG_CXX_LANGUAGE_STANDARD = "gnu++20";
				CLANG_ENABLE_MODULES = YES;
				CLANG_ENABLE_OBJC_ARC = YES;
				CLANG_ENABLE_OBJC_WEAK = YES;
				CLANG_WARN_BLOCK_CAPTURE_AUTORELEASING = YES;
				CLANG_WARN_BOOL_CONVERSION = YES;
				CLANG_WARN_COMMA = YES;
				CLANG_WARN_CONSTANT_CONVERSION = YES;
				CLANG_WARN_DEPRECATED_OBJC_IMPLEMENTATIONS = YES;
				CLANG_WARN_DIRECT_OBJC_ISA_USAGE = YES_ERROR;
				CLANG_WARN_DOCUMENTATION_COMMENTS = YES;
				CLANG_WARN_EMPTY_BODY = YES;
				CLANG_WARN_ENUM_CONVERSION = YES;
				CLANG_WARN_INFINITE_RECURSION = YES;
				CLANG_WARN_INT_CONVERSION = YES;
				CLANG_WARN_NON_LITERAL_NULL_CONVERSION = YES;
				CLANG_WARN_OBJC_IMPLICIT_RETAIN_SELF = YES;
				CLANG_WARN_OBJC_LITERAL_CONVERSION = YES;
				CLANG_WARN_OBJC_ROOT_CLASS = YES_ERROR;
				CLANG_WARN_QUOTED_INCLUDE_IN_FRAMEWORK_HEADER = YES;
				CLANG_WARN_RANGE_LOOP_ANALYSIS = YES;
				CLANG_WARN_STRICT_PROTOTYPES = YES;
				CLANG_WARN_SUSPICIOUS_MOVE = YES;
				CLANG_WARN_UNGUARDED_AVAILABILITY = YES_AGGRESSIVE;
				CLANG_WARN_UNREACHABLE_CODE = YES;
				CLANG_WARN__DUPLICATE_METHOD_MATCH = YES;
				COPY_PHASE_STRIP = NO;
				DEBUG_INFORMATION_FORMAT = dwarf;
				ENABLE_STRICT_OBJC_MSGSEND = YES;
				ENABLE_TESTABILITY = YES;
				ENABLE_USER_SCRIPT_SANDBOXING = YES;
				GCC_C_LANGUAGE_STANDARD = gnu17;
				GCC_DYNAMIC_NO_PIC = NO;
				GCC_NO_COMMON_BLOCKS = YES;
				GCC_OPTIMIZATION_LEVEL = 0;
				GCC_PREPROCESSOR_DEFINITIONS = (
					"DEBUG=1",
					"$(inherited)",
				);
				GCC_WARN_64_TO_32_BIT_CONVERSION = YES;
				GCC_WARN_ABOUT_RETURN_TYPE = YES_ERROR;
				GCC_WARN_UNDECLARED_SELECTOR = YES;
				GCC_WARN_UNINITIALIZED_AUTOS = YES_AGGRESSIVE;
				GCC_WARN_UNUSED_FUNCTION = YES;
				GCC_WARN_UNUSED_VARIABLE = YES;
				IPHONEOS_DEPLOYMENT_TARGET = 17.4;
				LOCALIZATION_PREFERS_STRING_CATALOGS = YES;
				MTL_ENABLE_DEBUG_INFO = INCLUDE_SOURCE;
				MTL_FAST_MATH = YES;
				ONLY_ACTIVE_ARCH = YES;
				SDKROOT = iphoneos;
				SWIFT_ACTIVE_COMPILATION_CONDITIONS = "DEBUG $(inherited)";
				SWIFT_OPTIMIZATION_LEVEL = "-Onone";
			};
			name = Debug;
		};
		19B91A202BBDFE95005C016A /* Release */ = {
			isa = XCBuildConfiguration;
			buildSettings = {
				ALWAYS_SEARCH_USER_PATHS = NO;
				ASSETCATALOG_COMPILER_GENERATE_SWIFT_ASSET_SYMBOL_EXTENSIONS = YES;
				CLANG_ANALYZER_NONNULL = YES;
				CLANG_ANALYZER_NUMBER_OBJECT_CONVERSION = YES_AGGRESSIVE;
				CLANG_CXX_LANGUAGE_STANDARD = "gnu++20";
				CLANG_ENABLE_MODULES = YES;
				CLANG_ENABLE_OBJC_ARC = YES;
				CLANG_ENABLE_OBJC_WEAK = YES;
				CLANG_WARN_BLOCK_CAPTURE_AUTORELEASING = YES;
				CLANG_WARN_BOOL_CONVERSION = YES;
				CLANG_WARN_COMMA = YES;
				CLANG_WARN_CONSTANT_CONVERSION = YES;
				CLANG_WARN_DEPRECATED_OBJC_IMPLEMENTATIONS = YES;
				CLANG_WARN_DIRECT_OBJC_ISA_USAGE = YES_ERROR;
				CLANG_WARN_DOCUMENTATION_COMMENTS = YES;
				CLANG_WARN_EMPTY_BODY = YES;
				CLANG_WARN_ENUM_CONVERSION = YES;
				CLANG_WARN_INFINITE_RECURSION = YES;
				CLANG_WARN_INT_CONVERSION = YES;
				CLANG_WARN_NON_LITERAL_NULL_CONVERSION = YES;
				CLANG_WARN_OBJC_IMPLICIT_RETAIN_SELF = YES;
				CLANG_WARN_OBJC_LITERAL_CONVERSION = YES;
				CLANG_WARN_OBJC_ROOT_CLASS = YES_ERROR;
				CLANG_WARN_QUOTED_INCLUDE_IN_FRAMEWORK_HEADER = YES;
				CLANG_WARN_RANGE_LOOP_ANALYSIS = YES;
				CLANG_WARN_STRICT_PROTOTYPES = YES;
				CLANG_WARN_SUSPICIOUS_MOVE = YES;
				CLANG_WARN_UNGUARDED_AVAILABILITY = YES_AGGRESSIVE;
				CLANG_WARN_UNREACHABLE_CODE = YES;
				CLANG_WARN__DUPLICATE_METHOD_MATCH = YES;
				COPY_PHASE_STRIP = NO;
				DEBUG_INFORMATION_FORMAT = "dwarf-with-dsym";
				ENABLE_NS_ASSERTIONS = NO;
				ENABLE_STRICT_OBJC_MSGSEND = YES;
				ENABLE_USER_SCRIPT_SANDBOXING = YES;
				GCC_C_LANGUAGE_STANDARD = gnu17;
				GCC_NO_COMMON_BLOCKS = YES;
				GCC_WARN_64_TO_32_BIT_CONVERSION = YES;
				GCC_WARN_ABOUT_RETURN_TYPE = YES_ERROR;
				GCC_WARN_UNDECLARED_SELECTOR = YES;
				GCC_WARN_UNINITIALIZED_AUTOS = YES_AGGRESSIVE;
				GCC_WARN_UNUSED_FUNCTION = YES;
				GCC_WARN_UNUSED_VARIABLE = YES;
				IPHONEOS_DEPLOYMENT_TARGET = 17.4;
				LOCALIZATION_PREFERS_STRING_CATALOGS = YES;
				MTL_ENABLE_DEBUG_INFO = NO;
				MTL_FAST_MATH = YES;
				SDKROOT = iphoneos;
				SWIFT_COMPILATION_MODE = wholemodule;
				VALIDATE_PRODUCT = YES;
			};
			name = Release;
		};
		19B91A222BBDFE95005C016A /* Debug */ = {
			isa = XCBuildConfiguration;
			buildSettings = {
				ASSETCATALOG_COMPILER_APPICON_NAME = AppIcon;
				ASSETCATALOG_COMPILER_GLOBAL_ACCENT_COLOR_NAME = AccentColor;
				CODE_SIGN_STYLE = Automatic;
				CURRENT_PROJECT_VERSION = 1;
				DEVELOPMENT_ASSET_PATHS = "\"MemorizeGame/Preview Content\"";
				DEVELOPMENT_TEAM = PX92GHP7Z6;
				ENABLE_PREVIEWS = YES;
				GENERATE_INFOPLIST_FILE = YES;
				INFOPLIST_KEY_LSApplicationCategoryType = "public.app-category.card-games";
				INFOPLIST_KEY_UIApplicationSceneManifest_Generation = YES;
				INFOPLIST_KEY_UIApplicationSupportsIndirectInputEvents = YES;
				INFOPLIST_KEY_UILaunchScreen_Generation = YES;
				INFOPLIST_KEY_UISupportedInterfaceOrientations_iPad = "UIInterfaceOrientationPortrait UIInterfaceOrientationPortraitUpsideDown UIInterfaceOrientationLandscapeLeft UIInterfaceOrientationLandscapeRight";
				INFOPLIST_KEY_UISupportedInterfaceOrientations_iPhone = "UIInterfaceOrientationPortrait UIInterfaceOrientationLandscapeLeft UIInterfaceOrientationLandscapeRight";
				LD_RUNPATH_SEARCH_PATHS = (
					"$(inherited)",
					"@executable_path/Frameworks",
				);
				MARKETING_VERSION = 1.0;
				PRODUCT_BUNDLE_IDENTIFIER = NoOrg.MemorizeGame;
				PRODUCT_NAME = "$(TARGET_NAME)";
				SWIFT_EMIT_LOC_STRINGS = YES;
				SWIFT_VERSION = 5.0;
				TARGETED_DEVICE_FAMILY = "1,2";
			};
			name = Debug;
		};
		19B91A232BBDFE95005C016A /* Release */ = {
			isa = XCBuildConfiguration;
			buildSettings = {
				ASSETCATALOG_COMPILER_APPICON_NAME = AppIcon;
				ASSETCATALOG_COMPILER_GLOBAL_ACCENT_COLOR_NAME = AccentColor;
				CODE_SIGN_STYLE = Automatic;
				CURRENT_PROJECT_VERSION = 1;
				DEVELOPMENT_ASSET_PATHS = "\"MemorizeGame/Preview Content\"";
				DEVELOPMENT_TEAM = PX92GHP7Z6;
				ENABLE_PREVIEWS = YES;
				GENERATE_INFOPLIST_FILE = YES;
				INFOPLIST_KEY_LSApplicationCategoryType = "public.app-category.card-games";
				INFOPLIST_KEY_UIApplicationSceneManifest_Generation = YES;
				INFOPLIST_KEY_UIApplicationSupportsIndirectInputEvents = YES;
				INFOPLIST_KEY_UILaunchScreen_Generation = YES;
				INFOPLIST_KEY_UISupportedInterfaceOrientations_iPad = "UIInterfaceOrientationPortrait UIInterfaceOrientationPortraitUpsideDown UIInterfaceOrientationLandscapeLeft UIInterfaceOrientationLandscapeRight";
				INFOPLIST_KEY_UISupportedInterfaceOrientations_iPhone = "UIInterfaceOrientationPortrait UIInterfaceOrientationLandscapeLeft UIInterfaceOrientationLandscapeRight";
				LD_RUNPATH_SEARCH_PATHS = (
					"$(inherited)",
					"@executable_path/Frameworks",
				);
				MARKETING_VERSION = 1.0;
				PRODUCT_BUNDLE_IDENTIFIER = NoOrg.MemorizeGame;
				PRODUCT_NAME = "$(TARGET_NAME)";
				SWIFT_EMIT_LOC_STRINGS = YES;
				SWIFT_VERSION = 5.0;
				TARGETED_DEVICE_FAMILY = "1,2";
			};
			name = Release;
		};
		19B91A252BBDFE95005C016A /* Debug */ = {
			isa = XCBuildConfiguration;
			buildSettings = {
				ALWAYS_EMBED_SWIFT_STANDARD_LIBRARIES = YES;
				BUNDLE_LOADER = "$(TEST_HOST)";
				CODE_SIGN_STYLE = Automatic;
				CURRENT_PROJECT_VERSION = 1;
				DEVELOPMENT_TEAM = PX92GHP7Z6;
				GENERATE_INFOPLIST_FILE = YES;
				IPHONEOS_DEPLOYMENT_TARGET = 17.4;
				MARKETING_VERSION = 1.0;
				PRODUCT_BUNDLE_IDENTIFIER = NoOrg.MemorizeGameTests;
				PRODUCT_NAME = "$(TARGET_NAME)";
				SWIFT_EMIT_LOC_STRINGS = NO;
				SWIFT_VERSION = 5.0;
				TARGETED_DEVICE_FAMILY = "1,2";
				TEST_HOST = "$(BUILT_PRODUCTS_DIR)/MemorizeGame.app/$(BUNDLE_EXECUTABLE_FOLDER_PATH)/MemorizeGame";
			};
			name = Debug;
		};
		19B91A262BBDFE95005C016A /* Release */ = {
			isa = XCBuildConfiguration;
			buildSettings = {
				ALWAYS_EMBED_SWIFT_STANDARD_LIBRARIES = YES;
				BUNDLE_LOADER = "$(TEST_HOST)";
				CODE_SIGN_STYLE = Automatic;
				CURRENT_PROJECT_VERSION = 1;
				DEVELOPMENT_TEAM = PX92GHP7Z6;
				GENERATE_INFOPLIST_FILE = YES;
				IPHONEOS_DEPLOYMENT_TARGET = 17.4;
				MARKETING_VERSION = 1.0;
				PRODUCT_BUNDLE_IDENTIFIER = NoOrg.MemorizeGameTests;
				PRODUCT_NAME = "$(TARGET_NAME)";
				SWIFT_EMIT_LOC_STRINGS = NO;
				SWIFT_VERSION = 5.0;
				TARGETED_DEVICE_FAMILY = "1,2";
				TEST_HOST = "$(BUILT_PRODUCTS_DIR)/MemorizeGame.app/$(BUNDLE_EXECUTABLE_FOLDER_PATH)/MemorizeGame";
			};
			name = Release;
		};
		19B91A282BBDFE95005C016A /* Debug */ = {
			isa = XCBuildConfiguration;
			buildSettings = {
				ALWAYS_EMBED_SWIFT_STANDARD_LIBRARIES = YES;
				CODE_SIGN_STYLE = Automatic;
				CURRENT_PROJECT_VERSION = 1;
				DEVELOPMENT_TEAM = PX92GHP7Z6;
				GENERATE_INFOPLIST_FILE = YES;
				MARKETING_VERSION = 1.0;
				PRODUCT_BUNDLE_IDENTIFIER = NoOrg.MemorizeGameUITests;
				PRODUCT_NAME = "$(TARGET_NAME)";
				SWIFT_EMIT_LOC_STRINGS = NO;
				SWIFT_VERSION = 5.0;
				TARGETED_DEVICE_FAMILY = "1,2";
				TEST_TARGET_NAME = MemorizeGame;
			};
			name = Debug;
		};
		19B91A292BBDFE95005C016A /* Release */ = {
			isa = XCBuildConfiguration;
			buildSettings = {
				ALWAYS_EMBED_SWIFT_STANDARD_LIBRARIES = YES;
				CODE_SIGN_STYLE = Automatic;
				CURRENT_PROJECT_VERSION = 1;
				DEVELOPMENT_TEAM = PX92GHP7Z6;
				GENERATE_INFOPLIST_FILE = YES;
				MARKETING_VERSION = 1.0;
				PRODUCT_BUNDLE_IDENTIFIER = NoOrg.MemorizeGameUITests;
				PRODUCT_NAME = "$(TARGET_NAME)";
				SWIFT_EMIT_LOC_STRINGS = NO;
				SWIFT_VERSION = 5.0;
				TARGETED_DEVICE_FAMILY = "1,2";
				TEST_TARGET_NAME = MemorizeGame;
			};
			name = Release;
		};
/* End XCBuildConfiguration section */

/* Begin XCConfigurationList section */
		19B919F82BBDFE93005C016A /* Build configuration list for PBXProject "MemorizeGame" */ = {
			isa = XCConfigurationList;
			buildConfigurations = (
				19B91A1F2BBDFE95005C016A /* Debug */,
				19B91A202BBDFE95005C016A /* Release */,
			);
			defaultConfigurationIsVisible = 0;
			defaultConfigurationName = Release;
		};
		19B91A212BBDFE95005C016A /* Build configuration list for PBXNativeTarget "MemorizeGame" */ = {
			isa = XCConfigurationList;
			buildConfigurations = (
				19B91A222BBDFE95005C016A /* Debug */,
				19B91A232BBDFE95005C016A /* Release */,
			);
			defaultConfigurationIsVisible = 0;
			defaultConfigurationName = Release;
		};
		19B91A242BBDFE95005C016A /* Build configuration list for PBXNativeTarget "MemorizeGameTests" */ = {
			isa = XCConfigurationList;
			buildConfigurations = (
				19B91A252BBDFE95005C016A /* Debug */,
				19B91A262BBDFE95005C016A /* Release */,
			);
			defaultConfigurationIsVisible = 0;
			defaultConfigurationName = Release;
		};
		19B91A272BBDFE95005C016A /* Build configuration list for PBXNativeTarget "MemorizeGameUITests" */ = {
			isa = XCConfigurationList;
			buildConfigurations = (
				19B91A282BBDFE95005C016A /* Debug */,
				19B91A292BBDFE95005C016A /* Release */,
			);
			defaultConfigurationIsVisible = 0;
			defaultConfigurationName = Release;
		};
/* End XCConfigurationList section */
	};
	rootObject = 19B919F52BBDFE93005C016A /* Project object */;
}
